// !$*UTF8*$!
{
	archiveVersion = 1;
	classes = {
	};
	objectVersion = 70;
	objects = {

/* Begin PBXBuildFile section */
		1414E0FC2D40745C009CD711 /* Intents.framework in Frameworks */ = {isa = PBXBuildFile; fileRef = 1414E0FB2D40745B009CD711 /* Intents.framework */; };
		1414E1072D40745C009CD711 /* IntentsUI.framework in Frameworks */ = {isa = PBXBuildFile; fileRef = 1414E1062D40745C009CD711 /* IntentsUI.framework */; };
		1414E1112D40745C009CD711 /* ShorcutDemoIntentsUI.appex in Embed Foundation Extensions */ = {isa = PBXBuildFile; fileRef = 1414E1052D40745C009CD711 /* ShorcutDemoIntentsUI.appex */; settings = {ATTRIBUTES = (RemoveHeadersOnCopy, ); }; };
		1414E1142D40745C009CD711 /* ShorcutDemoIntents.appex in Embed Foundation Extensions */ = {isa = PBXBuildFile; fileRef = 1414E0F92D40745B009CD711 /* ShorcutDemoIntents.appex */; settings = {ATTRIBUTES = (RemoveHeadersOnCopy, ); }; };
		1414E1212D40767F009CD711 /* Intents.intentdefinition in Sources */ = {isa = PBXBuildFile; fileRef = 1414E1202D40767F009CD711 /* Intents.intentdefinition */; };
		1414E1222D40767F009CD711 /* Intents.intentdefinition in Sources */ = {isa = PBXBuildFile; fileRef = 1414E1202D40767F009CD711 /* Intents.intentdefinition */; };
		1414E1232D40767F009CD711 /* Intents.intentdefinition in Sources */ = {isa = PBXBuildFile; fileRef = 1414E1202D40767F009CD711 /* Intents.intentdefinition */; };
		1414E1252D408353009CD711 /* Purchase.swift in Sources */ = {isa = PBXBuildFile; fileRef = 885AE3B028947001001F3808 /* Purchase.swift */; };
		1414E1262D408353009CD711 /* PurchaseData.swift in Sources */ = {isa = PBXBuildFile; fileRef = 885AE3B42894705F001F3808 /* PurchaseData.swift */; };
		1414E1272D408353009CD711 /* PurchaseStore.swift in Sources */ = {isa = PBXBuildFile; fileRef = 885AE3B628947086001F3808 /* PurchaseStore.swift */; };
		1414E1282D408353009CD711 /* PurchaseStore.swift in Sources */ = {isa = PBXBuildFile; fileRef = 885AE3B628947086001F3808 /* PurchaseStore.swift */; };
		1414E1292D408353009CD711 /* PurchaseData.swift in Sources */ = {isa = PBXBuildFile; fileRef = 885AE3B42894705F001F3808 /* PurchaseData.swift */; };
		1414E12A2D408353009CD711 /* Purchase.swift in Sources */ = {isa = PBXBuildFile; fileRef = 885AE3B028947001001F3808 /* Purchase.swift */; };
		885AE39E28946EE2001F3808 /* ShortcutDemoApp.swift in Sources */ = {isa = PBXBuildFile; fileRef = 885AE39D28946EE2001F3808 /* ShortcutDemoApp.swift */; };
		885AE3A028946EE2001F3808 /* ContentView.swift in Sources */ = {isa = PBXBuildFile; fileRef = 885AE39F28946EE2001F3808 /* ContentView.swift */; };
		885AE3A228946EE5001F3808 /* Assets.xcassets in Resources */ = {isa = PBXBuildFile; fileRef = 885AE3A128946EE5001F3808 /* Assets.xcassets */; };
		885AE3A628946EE5001F3808 /* Preview Assets.xcassets in Resources */ = {isa = PBXBuildFile; fileRef = 885AE3A528946EE5001F3808 /* Preview Assets.xcassets */; };
		885AE3AD28946F5C001F3808 /* PurchaseView.swift in Sources */ = {isa = PBXBuildFile; fileRef = 885AE3AC28946F5C001F3808 /* PurchaseView.swift */; };
		885AE3AF28946FCA001F3808 /* HistoryView.swift in Sources */ = {isa = PBXBuildFile; fileRef = 885AE3AE28946FCA001F3808 /* HistoryView.swift */; };
		885AE3B128947001001F3808 /* Purchase.swift in Sources */ = {isa = PBXBuildFile; fileRef = 885AE3B028947001001F3808 /* Purchase.swift */; };
		885AE3B328947038001F3808 /* DetailView.swift in Sources */ = {isa = PBXBuildFile; fileRef = 885AE3B228947038001F3808 /* DetailView.swift */; };
		885AE3B52894705F001F3808 /* PurchaseData.swift in Sources */ = {isa = PBXBuildFile; fileRef = 885AE3B42894705F001F3808 /* PurchaseData.swift */; };
		885AE3B728947086001F3808 /* PurchaseStore.swift in Sources */ = {isa = PBXBuildFile; fileRef = 885AE3B628947086001F3808 /* PurchaseStore.swift */; };
/* End PBXBuildFile section */

/* Begin PBXContainerItemProxy section */
		1414E10F2D40745C009CD711 /* PBXContainerItemProxy */ = {
			isa = PBXContainerItemProxy;
			containerPortal = 885AE39228946EE2001F3808 /* Project object */;
			proxyType = 1;
			remoteGlobalIDString = 1414E1042D40745C009CD711;
			remoteInfo = ShorcutDemoIntentsUI;
		};
		1414E1122D40745C009CD711 /* PBXContainerItemProxy */ = {
			isa = PBXContainerItemProxy;
			containerPortal = 885AE39228946EE2001F3808 /* Project object */;
			proxyType = 1;
			remoteGlobalIDString = 1414E0F82D40745B009CD711;
			remoteInfo = ShorcutDemoIntents;
		};
/* End PBXContainerItemProxy section */

/* Begin PBXCopyFilesBuildPhase section */
		1414E11D2D40745C009CD711 /* Embed Foundation Extensions */ = {
			isa = PBXCopyFilesBuildPhase;
			buildActionMask = 2147483647;
			dstPath = "";
			dstSubfolderSpec = 13;
			files = (
				1414E1142D40745C009CD711 /* ShorcutDemoIntents.appex in Embed Foundation Extensions */,
				1414E1112D40745C009CD711 /* ShorcutDemoIntentsUI.appex in Embed Foundation Extensions */,
			);
			name = "Embed Foundation Extensions";
			runOnlyForDeploymentPostprocessing = 0;
		};
/* End PBXCopyFilesBuildPhase section */

/* Begin PBXFileReference section */
		1414E0F92D40745B009CD711 /* ShorcutDemoIntents.appex */ = {isa = PBXFileReference; explicitFileType = "wrapper.app-extension"; includeInIndex = 0; path = ShorcutDemoIntents.appex; sourceTree = BUILT_PRODUCTS_DIR; };
		1414E0FB2D40745B009CD711 /* Intents.framework */ = {isa = PBXFileReference; lastKnownFileType = wrapper.framework; name = Intents.framework; path = System/Library/Frameworks/Intents.framework; sourceTree = SDKROOT; };
		1414E1052D40745C009CD711 /* ShorcutDemoIntentsUI.appex */ = {isa = PBXFileReference; explicitFileType = "wrapper.app-extension"; includeInIndex = 0; path = ShorcutDemoIntentsUI.appex; sourceTree = BUILT_PRODUCTS_DIR; };
		1414E1062D40745C009CD711 /* IntentsUI.framework */ = {isa = PBXFileReference; lastKnownFileType = wrapper.framework; name = IntentsUI.framework; path = System/Library/Frameworks/IntentsUI.framework; sourceTree = SDKROOT; };
		1414E1202D40767F009CD711 /* Intents.intentdefinition */ = {isa = PBXFileReference; lastKnownFileType = file.intentdefinition; path = Intents.intentdefinition; sourceTree = "<group>"; };
		1414E1242D407E3D009CD711 /* Info.plist */ = {isa = PBXFileReference; lastKnownFileType = text.plist; path = Info.plist; sourceTree = "<group>"; };
		885AE39A28946EE2001F3808 /* ShortcutDemo.app */ = {isa = PBXFileReference; explicitFileType = wrapper.application; includeInIndex = 0; path = ShortcutDemo.app; sourceTree = BUILT_PRODUCTS_DIR; };
		885AE39D28946EE2001F3808 /* ShortcutDemoApp.swift */ = {isa = PBXFileReference; lastKnownFileType = sourcecode.swift; path = ShortcutDemoApp.swift; sourceTree = "<group>"; };
		885AE39F28946EE2001F3808 /* ContentView.swift */ = {isa = PBXFileReference; lastKnownFileType = sourcecode.swift; path = ContentView.swift; sourceTree = "<group>"; };
		885AE3A128946EE5001F3808 /* Assets.xcassets */ = {isa = PBXFileReference; lastKnownFileType = folder.assetcatalog; path = Assets.xcassets; sourceTree = "<group>"; };
		885AE3A328946EE5001F3808 /* ShortcutDemo.entitlements */ = {isa = PBXFileReference; lastKnownFileType = text.plist.entitlements; path = ShortcutDemo.entitlements; sourceTree = "<group>"; };
		885AE3A528946EE5001F3808 /* Preview Assets.xcassets */ = {isa = PBXFileReference; lastKnownFileType = folder.assetcatalog; path = "Preview Assets.xcassets"; sourceTree = "<group>"; };
		885AE3AC28946F5C001F3808 /* PurchaseView.swift */ = {isa = PBXFileReference; lastKnownFileType = sourcecode.swift; path = PurchaseView.swift; sourceTree = "<group>"; };
		885AE3AE28946FCA001F3808 /* HistoryView.swift */ = {isa = PBXFileReference; lastKnownFileType = sourcecode.swift; path = HistoryView.swift; sourceTree = "<group>"; };
		885AE3B028947001001F3808 /* Purchase.swift */ = {isa = PBXFileReference; lastKnownFileType = sourcecode.swift; path = Purchase.swift; sourceTree = "<group>"; };
		885AE3B228947038001F3808 /* DetailView.swift */ = {isa = PBXFileReference; lastKnownFileType = sourcecode.swift; path = DetailView.swift; sourceTree = "<group>"; };
		885AE3B42894705F001F3808 /* PurchaseData.swift */ = {isa = PBXFileReference; lastKnownFileType = sourcecode.swift; path = PurchaseData.swift; sourceTree = "<group>"; };
		885AE3B628947086001F3808 /* PurchaseStore.swift */ = {isa = PBXFileReference; lastKnownFileType = sourcecode.swift; path = PurchaseStore.swift; sourceTree = "<group>"; };
/* End PBXFileReference section */

/* Begin PBXFileSystemSynchronizedBuildFileExceptionSet section */
		1414E1152D40745C009CD711 /* PBXFileSystemSynchronizedBuildFileExceptionSet */ = {
			isa = PBXFileSystemSynchronizedBuildFileExceptionSet;
			membershipExceptions = (
				Info.plist,
			);
			target = 1414E0F82D40745B009CD711 /* ShorcutDemoIntents */;
		};
		1414E1192D40745C009CD711 /* PBXFileSystemSynchronizedBuildFileExceptionSet */ = {
			isa = PBXFileSystemSynchronizedBuildFileExceptionSet;
			membershipExceptions = (
				Info.plist,
			);
			target = 1414E1042D40745C009CD711 /* ShorcutDemoIntentsUI */;
		};
/* End PBXFileSystemSynchronizedBuildFileExceptionSet section */

/* Begin PBXFileSystemSynchronizedRootGroup section */
		1414E0FD2D40745C009CD711 /* ShorcutDemoIntents */ = {isa = PBXFileSystemSynchronizedRootGroup; exceptions = (1414E1152D40745C009CD711 /* PBXFileSystemSynchronizedBuildFileExceptionSet */, ); explicitFileTypes = {}; explicitFolders = (); path = ShorcutDemoIntents; sourceTree = "<group>"; };
		1414E1082D40745C009CD711 /* ShorcutDemoIntentsUI */ = {isa = PBXFileSystemSynchronizedRootGroup; exceptions = (1414E1192D40745C009CD711 /* PBXFileSystemSynchronizedBuildFileExceptionSet */, ); explicitFileTypes = {}; explicitFolders = (); path = ShorcutDemoIntentsUI; sourceTree = "<group>"; };
/* End PBXFileSystemSynchronizedRootGroup section */

/* Begin PBXFrameworksBuildPhase section */
		1414E0F62D40745B009CD711 /* Frameworks */ = {
			isa = PBXFrameworksBuildPhase;
			buildActionMask = 2147483647;
			files = (
				1414E0FC2D40745C009CD711 /* Intents.framework in Frameworks */,
			);
			runOnlyForDeploymentPostprocessing = 0;
		};
		1414E1022D40745C009CD711 /* Frameworks */ = {
			isa = PBXFrameworksBuildPhase;
			buildActionMask = 2147483647;
			files = (
				1414E1072D40745C009CD711 /* IntentsUI.framework in Frameworks */,
			);
			runOnlyForDeploymentPostprocessing = 0;
		};
		885AE39728946EE2001F3808 /* Frameworks */ = {
			isa = PBXFrameworksBuildPhase;
			buildActionMask = 2147483647;
			files = (
			);
			runOnlyForDeploymentPostprocessing = 0;
		};
/* End PBXFrameworksBuildPhase section */

/* Begin PBXGroup section */
		1414E0FA2D40745B009CD711 /* Frameworks */ = {
			isa = PBXGroup;
			children = (
				1414E0FB2D40745B009CD711 /* Intents.framework */,
				1414E1062D40745C009CD711 /* IntentsUI.framework */,
			);
			name = Frameworks;
			sourceTree = "<group>";
		};
		885AE39128946EE2001F3808 = {
			isa = PBXGroup;
			children = (
				885AE39C28946EE2001F3808 /* ShortcutDemo */,
				1414E0FD2D40745C009CD711 /* ShorcutDemoIntents */,
				1414E1082D40745C009CD711 /* ShorcutDemoIntentsUI */,
				1414E0FA2D40745B009CD711 /* Frameworks */,
				885AE39B28946EE2001F3808 /* Products */,
			);
			sourceTree = "<group>";
		};
		885AE39B28946EE2001F3808 /* Products */ = {
			isa = PBXGroup;
			children = (
				885AE39A28946EE2001F3808 /* ShortcutDemo.app */,
				1414E0F92D40745B009CD711 /* ShorcutDemoIntents.appex */,
				1414E1052D40745C009CD711 /* ShorcutDemoIntentsUI.appex */,
			);
			name = Products;
			sourceTree = "<group>";
		};
		885AE39C28946EE2001F3808 /* ShortcutDemo */ = {
			isa = PBXGroup;
			children = (
				1414E1242D407E3D009CD711 /* Info.plist */,
				885AE39D28946EE2001F3808 /* ShortcutDemoApp.swift */,
				885AE39F28946EE2001F3808 /* ContentView.swift */,
				885AE3A128946EE5001F3808 /* Assets.xcassets */,
				885AE3A328946EE5001F3808 /* ShortcutDemo.entitlements */,
				885AE3AC28946F5C001F3808 /* PurchaseView.swift */,
				885AE3AE28946FCA001F3808 /* HistoryView.swift */,
				885AE3B028947001001F3808 /* Purchase.swift */,
				885AE3B228947038001F3808 /* DetailView.swift */,
				885AE3B42894705F001F3808 /* PurchaseData.swift */,
				885AE3B628947086001F3808 /* PurchaseStore.swift */,
				885AE3A428946EE5001F3808 /* Preview Content */,
				1414E1202D40767F009CD711 /* Intents.intentdefinition */,
			);
			path = ShortcutDemo;
			sourceTree = "<group>";
		};
		885AE3A428946EE5001F3808 /* Preview Content */ = {
			isa = PBXGroup;
			children = (
				885AE3A528946EE5001F3808 /* Preview Assets.xcassets */,
			);
			path = "Preview Content";
			sourceTree = "<group>";
		};
/* End PBXGroup section */

/* Begin PBXNativeTarget section */
		1414E0F82D40745B009CD711 /* ShorcutDemoIntents */ = {
			isa = PBXNativeTarget;
			buildConfigurationList = 1414E1162D40745C009CD711 /* Build configuration list for PBXNativeTarget "ShorcutDemoIntents" */;
			buildPhases = (
				1414E0F52D40745B009CD711 /* Sources */,
				1414E0F62D40745B009CD711 /* Frameworks */,
				1414E0F72D40745B009CD711 /* Resources */,
			);
			buildRules = (
			);
			dependencies = (
			);
			fileSystemSynchronizedGroups = (
				1414E0FD2D40745C009CD711 /* ShorcutDemoIntents */,
			);
			name = ShorcutDemoIntents;
			packageProductDependencies = (
			);
			productName = ShorcutDemoIntents;
			productReference = 1414E0F92D40745B009CD711 /* ShorcutDemoIntents.appex */;
			productType = "com.apple.product-type.app-extension";
		};
		1414E1042D40745C009CD711 /* ShorcutDemoIntentsUI */ = {
			isa = PBXNativeTarget;
			buildConfigurationList = 1414E11A2D40745C009CD711 /* Build configuration list for PBXNativeTarget "ShorcutDemoIntentsUI" */;
			buildPhases = (
				1414E1012D40745C009CD711 /* Sources */,
				1414E1022D40745C009CD711 /* Frameworks */,
				1414E1032D40745C009CD711 /* Resources */,
			);
			buildRules = (
			);
			dependencies = (
			);
			fileSystemSynchronizedGroups = (
				1414E1082D40745C009CD711 /* ShorcutDemoIntentsUI */,
			);
			name = ShorcutDemoIntentsUI;
			packageProductDependencies = (
			);
			productName = ShorcutDemoIntentsUI;
			productReference = 1414E1052D40745C009CD711 /* ShorcutDemoIntentsUI.appex */;
			productType = "com.apple.product-type.app-extension";
		};
		885AE39928946EE2001F3808 /* ShortcutDemo */ = {
			isa = PBXNativeTarget;
			buildConfigurationList = 885AE3A928946EE5001F3808 /* Build configuration list for PBXNativeTarget "ShortcutDemo" */;
			buildPhases = (
				885AE39628946EE2001F3808 /* Sources */,
				885AE39728946EE2001F3808 /* Frameworks */,
				885AE39828946EE2001F3808 /* Resources */,
				1414E11D2D40745C009CD711 /* Embed Foundation Extensions */,
			);
			buildRules = (
			);
			dependencies = (
				1414E1102D40745C009CD711 /* PBXTargetDependency */,
				1414E1132D40745C009CD711 /* PBXTargetDependency */,
			);
			name = ShortcutDemo;
			productName = ShortcutDemo;
			productReference = 885AE39A28946EE2001F3808 /* ShortcutDemo.app */;
			productType = "com.apple.product-type.application";
		};
/* End PBXNativeTarget section */

/* Begin PBXProject section */
		885AE39228946EE2001F3808 /* Project object */ = {
			isa = PBXProject;
			attributes = {
				BuildIndependentTargetsInParallel = 1;
				LastSwiftUpdateCheck = 1620;
				LastUpgradeCheck = 1400;
				TargetAttributes = {
					1414E0F82D40745B009CD711 = {
						CreatedOnToolsVersion = 16.2;
					};
					1414E1042D40745C009CD711 = {
						CreatedOnToolsVersion = 16.2;
					};
					885AE39928946EE2001F3808 = {
						CreatedOnToolsVersion = 14.0;
					};
				};
			};
			buildConfigurationList = 885AE39528946EE2001F3808 /* Build configuration list for PBXProject "ShortcutDemo" */;
			compatibilityVersion = "Xcode 14.0";
			developmentRegion = en;
			hasScannedForEncodings = 0;
			knownRegions = (
				en,
				Base,
			);
			mainGroup = 885AE39128946EE2001F3808;
			productRefGroup = 885AE39B28946EE2001F3808 /* Products */;
			projectDirPath = "";
			projectRoot = "";
			targets = (
				885AE39928946EE2001F3808 /* ShortcutDemo */,
				1414E0F82D40745B009CD711 /* ShorcutDemoIntents */,
				1414E1042D40745C009CD711 /* ShorcutDemoIntentsUI */,
			);
		};
/* End PBXProject section */

/* Begin PBXResourcesBuildPhase section */
		1414E0F72D40745B009CD711 /* Resources */ = {
			isa = PBXResourcesBuildPhase;
			buildActionMask = 2147483647;
			files = (
			);
			runOnlyForDeploymentPostprocessing = 0;
		};
		1414E1032D40745C009CD711 /* Resources */ = {
			isa = PBXResourcesBuildPhase;
			buildActionMask = 2147483647;
			files = (
			);
			runOnlyForDeploymentPostprocessing = 0;
		};
		885AE39828946EE2001F3808 /* Resources */ = {
			isa = PBXResourcesBuildPhase;
			buildActionMask = 2147483647;
			files = (
				885AE3A628946EE5001F3808 /* Preview Assets.xcassets in Resources */,
				885AE3A228946EE5001F3808 /* Assets.xcassets in Resources */,
			);
			runOnlyForDeploymentPostprocessing = 0;
		};
/* End PBXResourcesBuildPhase section */

/* Begin PBXSourcesBuildPhase section */
		1414E0F52D40745B009CD711 /* Sources */ = {
			isa = PBXSourcesBuildPhase;
			buildActionMask = 2147483647;
			files = (
				1414E1222D40767F009CD711 /* Intents.intentdefinition in Sources */,
				1414E1252D408353009CD711 /* Purchase.swift in Sources */,
				1414E1262D408353009CD711 /* PurchaseData.swift in Sources */,
				1414E1272D408353009CD711 /* PurchaseStore.swift in Sources */,
			);
			runOnlyForDeploymentPostprocessing = 0;
		};
		1414E1012D40745C009CD711 /* Sources */ = {
			isa = PBXSourcesBuildPhase;
			buildActionMask = 2147483647;
			files = (
				1414E1232D40767F009CD711 /* Intents.intentdefinition in Sources */,
				1414E1282D408353009CD711 /* PurchaseStore.swift in Sources */,
				1414E1292D408353009CD711 /* PurchaseData.swift in Sources */,
				1414E12A2D408353009CD711 /* Purchase.swift in Sources */,
			);
			runOnlyForDeploymentPostprocessing = 0;
		};
		885AE39628946EE2001F3808 /* Sources */ = {
			isa = PBXSourcesBuildPhase;
			buildActionMask = 2147483647;
			files = (
				885AE3B52894705F001F3808 /* PurchaseData.swift in Sources */,
				885AE3AD28946F5C001F3808 /* PurchaseView.swift in Sources */,
				885AE3B328947038001F3808 /* DetailView.swift in Sources */,
				1414E1212D40767F009CD711 /* Intents.intentdefinition in Sources */,
				885AE3B128947001001F3808 /* Purchase.swift in Sources */,
				885AE3AF28946FCA001F3808 /* HistoryView.swift in Sources */,
				885AE3A028946EE2001F3808 /* ContentView.swift in Sources */,
				885AE3B728947086001F3808 /* PurchaseStore.swift in Sources */,
				885AE39E28946EE2001F3808 /* ShortcutDemoApp.swift in Sources */,
			);
			runOnlyForDeploymentPostprocessing = 0;
		};
/* End PBXSourcesBuildPhase section */

/* Begin PBXTargetDependency section */
		1414E1102D40745C009CD711 /* PBXTargetDependency */ = {
			isa = PBXTargetDependency;
			target = 1414E1042D40745C009CD711 /* ShorcutDemoIntentsUI */;
			targetProxy = 1414E10F2D40745C009CD711 /* PBXContainerItemProxy */;
		};
		1414E1132D40745C009CD711 /* PBXTargetDependency */ = {
			isa = PBXTargetDependency;
			target = 1414E0F82D40745B009CD711 /* ShorcutDemoIntents */;
			targetProxy = 1414E1122D40745C009CD711 /* PBXContainerItemProxy */;
		};
/* End PBXTargetDependency section */

/* Begin XCBuildConfiguration section */
		1414E1172D40745C009CD711 /* Debug */ = {
			isa = XCBuildConfiguration;
			buildSettings = {
				ASSETCATALOG_COMPILER_GENERATE_SWIFT_ASSET_SYMBOL_EXTENSIONS = YES;
				CODE_SIGN_STYLE = Automatic;
				CURRENT_PROJECT_VERSION = 1;
				DEVELOPMENT_TEAM = 59FP2PXRXK;
				ENABLE_USER_SCRIPT_SANDBOXING = YES;
				GCC_C_LANGUAGE_STANDARD = gnu17;
				GENERATE_INFOPLIST_FILE = YES;
				INFOPLIST_FILE = ShorcutDemoIntents/Info.plist;
				INFOPLIST_KEY_CFBundleDisplayName = ShorcutDemoIntents;
				INFOPLIST_KEY_NSHumanReadableCopyright = "";
				IPHONEOS_DEPLOYMENT_TARGET = 18.2;
				LD_RUNPATH_SEARCH_PATHS = (
					"$(inherited)",
					"@executable_path/Frameworks",
					"@executable_path/../../Frameworks",
				);
				LOCALIZATION_PREFERS_STRING_CATALOGS = YES;
				MARKETING_VERSION = 1.0;
				PRODUCT_BUNDLE_IDENTIFIER = com.fredlab.ShortcutDemo.ShorcutDemoIntents;
				PRODUCT_NAME = "$(TARGET_NAME)";
				SDKROOT = iphoneos;
				SKIP_INSTALL = YES;
				SWIFT_ACTIVE_COMPILATION_CONDITIONS = "DEBUG $(inherited)";
				SWIFT_EMIT_LOC_STRINGS = YES;
				SWIFT_VERSION = 5.0;
				TARGETED_DEVICE_FAMILY = "1,2";
			};
			name = Debug;
		};
		1414E1182D40745C009CD711 /* Release */ = {
			isa = XCBuildConfiguration;
			buildSettings = {
				ASSETCATALOG_COMPILER_GENERATE_SWIFT_ASSET_SYMBOL_EXTENSIONS = YES;
				CODE_SIGN_STYLE = Automatic;
				CURRENT_PROJECT_VERSION = 1;
				DEVELOPMENT_TEAM = 59FP2PXRXK;
				ENABLE_USER_SCRIPT_SANDBOXING = YES;
				GCC_C_LANGUAGE_STANDARD = gnu17;
				GENERATE_INFOPLIST_FILE = YES;
				INFOPLIST_FILE = ShorcutDemoIntents/Info.plist;
				INFOPLIST_KEY_CFBundleDisplayName = ShorcutDemoIntents;
				INFOPLIST_KEY_NSHumanReadableCopyright = "";
				IPHONEOS_DEPLOYMENT_TARGET = 18.2;
				LD_RUNPATH_SEARCH_PATHS = (
					"$(inherited)",
					"@executable_path/Frameworks",
					"@executable_path/../../Frameworks",
				);
				LOCALIZATION_PREFERS_STRING_CATALOGS = YES;
				MARKETING_VERSION = 1.0;
				PRODUCT_BUNDLE_IDENTIFIER = com.fredlab.ShortcutDemo.ShorcutDemoIntents;
				PRODUCT_NAME = "$(TARGET_NAME)";
				SDKROOT = iphoneos;
				SKIP_INSTALL = YES;
				SWIFT_EMIT_LOC_STRINGS = YES;
				SWIFT_VERSION = 5.0;
				TARGETED_DEVICE_FAMILY = "1,2";
				VALIDATE_PRODUCT = YES;
			};
			name = Release;
		};
		1414E11B2D40745C009CD711 /* Debug */ = {
			isa = XCBuildConfiguration;
			buildSettings = {
				ASSETCATALOG_COMPILER_GENERATE_SWIFT_ASSET_SYMBOL_EXTENSIONS = YES;
				CODE_SIGN_STYLE = Automatic;
				CURRENT_PROJECT_VERSION = 1;
				DEVELOPMENT_TEAM = 59FP2PXRXK;
				ENABLE_USER_SCRIPT_SANDBOXING = YES;
				GCC_C_LANGUAGE_STANDARD = gnu17;
				GENERATE_INFOPLIST_FILE = YES;
				INFOPLIST_FILE = ShorcutDemoIntentsUI/Info.plist;
				INFOPLIST_KEY_CFBundleDisplayName = ShorcutDemoIntentsUI;
				INFOPLIST_KEY_NSHumanReadableCopyright = "";
				IPHONEOS_DEPLOYMENT_TARGET = 18.2;
				LD_RUNPATH_SEARCH_PATHS = (
					"$(inherited)",
					"@executable_path/Frameworks",
					"@executable_path/../../Frameworks",
				);
				LOCALIZATION_PREFERS_STRING_CATALOGS = YES;
				MARKETING_VERSION = 1.0;
				PRODUCT_BUNDLE_IDENTIFIER = com.fredlab.ShortcutDemo.ShorcutDemoIntentsUI;
				PRODUCT_NAME = "$(TARGET_NAME)";
				SDKROOT = iphoneos;
				SKIP_INSTALL = YES;
				SWIFT_ACTIVE_COMPILATION_CONDITIONS = "DEBUG $(inherited)";
				SWIFT_EMIT_LOC_STRINGS = YES;
				SWIFT_VERSION = 5.0;
				TARGETED_DEVICE_FAMILY = "1,2";
			};
			name = Debug;
		};
		1414E11C2D40745C009CD711 /* Release */ = {
			isa = XCBuildConfiguration;
			buildSettings = {
				ASSETCATALOG_COMPILER_GENERATE_SWIFT_ASSET_SYMBOL_EXTENSIONS = YES;
				CODE_SIGN_STYLE = Automatic;
				CURRENT_PROJECT_VERSION = 1;
				DEVELOPMENT_TEAM = 59FP2PXRXK;
				ENABLE_USER_SCRIPT_SANDBOXING = YES;
				GCC_C_LANGUAGE_STANDARD = gnu17;
				GENERATE_INFOPLIST_FILE = YES;
				INFOPLIST_FILE = ShorcutDemoIntentsUI/Info.plist;
				INFOPLIST_KEY_CFBundleDisplayName = ShorcutDemoIntentsUI;
				INFOPLIST_KEY_NSHumanReadableCopyright = "";
				IPHONEOS_DEPLOYMENT_TARGET = 18.2;
				LD_RUNPATH_SEARCH_PATHS = (
					"$(inherited)",
					"@executable_path/Frameworks",
					"@executable_path/../../Frameworks",
				);
				LOCALIZATION_PREFERS_STRING_CATALOGS = YES;
				MARKETING_VERSION = 1.0;
				PRODUCT_BUNDLE_IDENTIFIER = com.fredlab.ShortcutDemo.ShorcutDemoIntentsUI;
				PRODUCT_NAME = "$(TARGET_NAME)";
				SDKROOT = iphoneos;
				SKIP_INSTALL = YES;
				SWIFT_EMIT_LOC_STRINGS = YES;
				SWIFT_VERSION = 5.0;
				TARGETED_DEVICE_FAMILY = "1,2";
				VALIDATE_PRODUCT = YES;
			};
			name = Release;
		};
		885AE3A728946EE5001F3808 /* Debug */ = {
			isa = XCBuildConfiguration;
			buildSettings = {
				ALWAYS_SEARCH_USER_PATHS = NO;
				CLANG_ANALYZER_NONNULL = YES;
				CLANG_ANALYZER_NUMBER_OBJECT_CONVERSION = YES_AGGRESSIVE;
				CLANG_CXX_LANGUAGE_STANDARD = "gnu++20";
				CLANG_ENABLE_MODULES = YES;
				CLANG_ENABLE_OBJC_ARC = YES;
				CLANG_ENABLE_OBJC_WEAK = YES;
				CLANG_WARN_BLOCK_CAPTURE_AUTORELEASING = YES;
				CLANG_WARN_BOOL_CONVERSION = YES;
				CLANG_WARN_COMMA = YES;
				CLANG_WARN_CONSTANT_CONVERSION = YES;
				CLANG_WARN_DEPRECATED_OBJC_IMPLEMENTATIONS = YES;
				CLANG_WARN_DIRECT_OBJC_ISA_USAGE = YES_ERROR;
				CLANG_WARN_DOCUMENTATION_COMMENTS = YES;
				CLANG_WARN_EMPTY_BODY = YES;
				CLANG_WARN_ENUM_CONVERSION = YES;
				CLANG_WARN_INFINITE_RECURSION = YES;
				CLANG_WARN_INT_CONVERSION = YES;
				CLANG_WARN_NON_LITERAL_NULL_CONVERSION = YES;
				CLANG_WARN_OBJC_IMPLICIT_RETAIN_SELF = YES;
				CLANG_WARN_OBJC_LITERAL_CONVERSION = YES;
				CLANG_WARN_OBJC_ROOT_CLASS = YES_ERROR;
				CLANG_WARN_QUOTED_INCLUDE_IN_FRAMEWORK_HEADER = YES;
				CLANG_WARN_RANGE_LOOP_ANALYSIS = YES;
				CLANG_WARN_STRICT_PROTOTYPES = YES;
				CLANG_WARN_SUSPICIOUS_MOVE = YES;
				CLANG_WARN_UNGUARDED_AVAILABILITY = YES_AGGRESSIVE;
				CLANG_WARN_UNREACHABLE_CODE = YES;
				CLANG_WARN__DUPLICATE_METHOD_MATCH = YES;
				COPY_PHASE_STRIP = NO;
				DEBUG_INFORMATION_FORMAT = dwarf;
				ENABLE_STRICT_OBJC_MSGSEND = YES;
				ENABLE_TESTABILITY = YES;
				GCC_C_LANGUAGE_STANDARD = gnu11;
				GCC_DYNAMIC_NO_PIC = NO;
				GCC_NO_COMMON_BLOCKS = YES;
				GCC_OPTIMIZATION_LEVEL = 0;
				GCC_PREPROCESSOR_DEFINITIONS = (
					"DEBUG=1",
					"$(inherited)",
				);
				GCC_WARN_64_TO_32_BIT_CONVERSION = YES;
				GCC_WARN_ABOUT_RETURN_TYPE = YES_ERROR;
				GCC_WARN_UNDECLARED_SELECTOR = YES;
				GCC_WARN_UNINITIALIZED_AUTOS = YES_AGGRESSIVE;
				GCC_WARN_UNUSED_FUNCTION = YES;
				GCC_WARN_UNUSED_VARIABLE = YES;
				MTL_ENABLE_DEBUG_INFO = INCLUDE_SOURCE;
				MTL_FAST_MATH = YES;
				ONLY_ACTIVE_ARCH = YES;
				SWIFT_ACTIVE_COMPILATION_CONDITIONS = DEBUG;
				SWIFT_OPTIMIZATION_LEVEL = "-Onone";
			};
			name = Debug;
		};
		885AE3A828946EE5001F3808 /* Release */ = {
			isa = XCBuildConfiguration;
			buildSettings = {
				ALWAYS_SEARCH_USER_PATHS = NO;
				CLANG_ANALYZER_NONNULL = YES;
				CLANG_ANALYZER_NUMBER_OBJECT_CONVERSION = YES_AGGRESSIVE;
				CLANG_CXX_LANGUAGE_STANDARD = "gnu++20";
				CLANG_ENABLE_MODULES = YES;
				CLANG_ENABLE_OBJC_ARC = YES;
				CLANG_ENABLE_OBJC_WEAK = YES;
				CLANG_WARN_BLOCK_CAPTURE_AUTORELEASING = YES;
				CLANG_WARN_BOOL_CONVERSION = YES;
				CLANG_WARN_COMMA = YES;
				CLANG_WARN_CONSTANT_CONVERSION = YES;
				CLANG_WARN_DEPRECATED_OBJC_IMPLEMENTATIONS = YES;
				CLANG_WARN_DIRECT_OBJC_ISA_USAGE = YES_ERROR;
				CLANG_WARN_DOCUMENTATION_COMMENTS = YES;
				CLANG_WARN_EMPTY_BODY = YES;
				CLANG_WARN_ENUM_CONVERSION = YES;
				CLANG_WARN_INFINITE_RECURSION = YES;
				CLANG_WARN_INT_CONVERSION = YES;
				CLANG_WARN_NON_LITERAL_NULL_CONVERSION = YES;
				CLANG_WARN_OBJC_IMPLICIT_RETAIN_SELF = YES;
				CLANG_WARN_OBJC_LITERAL_CONVERSION = YES;
				CLANG_WARN_OBJC_ROOT_CLASS = YES_ERROR;
				CLANG_WARN_QUOTED_INCLUDE_IN_FRAMEWORK_HEADER = YES;
				CLANG_WARN_RANGE_LOOP_ANALYSIS = YES;
				CLANG_WARN_STRICT_PROTOTYPES = YES;
				CLANG_WARN_SUSPICIOUS_MOVE = YES;
				CLANG_WARN_UNGUARDED_AVAILABILITY = YES_AGGRESSIVE;
				CLANG_WARN_UNREACHABLE_CODE = YES;
				CLANG_WARN__DUPLICATE_METHOD_MATCH = YES;
				COPY_PHASE_STRIP = NO;
				DEBUG_INFORMATION_FORMAT = "dwarf-with-dsym";
				ENABLE_NS_ASSERTIONS = NO;
				ENABLE_STRICT_OBJC_MSGSEND = YES;
				GCC_C_LANGUAGE_STANDARD = gnu11;
				GCC_NO_COMMON_BLOCKS = YES;
				GCC_WARN_64_TO_32_BIT_CONVERSION = YES;
				GCC_WARN_ABOUT_RETURN_TYPE = YES_ERROR;
				GCC_WARN_UNDECLARED_SELECTOR = YES;
				GCC_WARN_UNINITIALIZED_AUTOS = YES_AGGRESSIVE;
				GCC_WARN_UNUSED_FUNCTION = YES;
				GCC_WARN_UNUSED_VARIABLE = YES;
				MTL_ENABLE_DEBUG_INFO = NO;
				MTL_FAST_MATH = YES;
				SWIFT_COMPILATION_MODE = wholemodule;
				SWIFT_OPTIMIZATION_LEVEL = "-O";
			};
			name = Release;
		};
		885AE3AA28946EE5001F3808 /* Debug */ = {
			isa = XCBuildConfiguration;
			buildSettings = {
				ASSETCATALOG_COMPILER_APPICON_NAME = AppIcon;
				ASSETCATALOG_COMPILER_GLOBAL_ACCENT_COLOR_NAME = AccentColor;
				CODE_SIGN_ENTITLEMENTS = ShortcutDemo/ShortcutDemo.entitlements;
				CODE_SIGN_STYLE = Automatic;
				CURRENT_PROJECT_VERSION = 1;
				DEVELOPMENT_ASSET_PATHS = "\"ShortcutDemo/Preview Content\"";
				DEVELOPMENT_TEAM = 59FP2PXRXK;
				ENABLE_HARDENED_RUNTIME = YES;
				ENABLE_PREVIEWS = YES;
				GENERATE_INFOPLIST_FILE = YES;
				INFOPLIST_FILE = ShortcutDemo/Info.plist;
				INFOPLIST_KEY_NSSiriUsageDescription = "Siri support is used to suggest ShortcutDemo";
				"INFOPLIST_KEY_UIApplicationSceneManifest_Generation[sdk=iphoneos*]" = YES;
				"INFOPLIST_KEY_UIApplicationSceneManifest_Generation[sdk=iphonesimulator*]" = YES;
				"INFOPLIST_KEY_UIApplicationSupportsIndirectInputEvents[sdk=iphoneos*]" = YES;
				"INFOPLIST_KEY_UIApplicationSupportsIndirectInputEvents[sdk=iphonesimulator*]" = YES;
				"INFOPLIST_KEY_UILaunchScreen_Generation[sdk=iphoneos*]" = YES;
				"INFOPLIST_KEY_UILaunchScreen_Generation[sdk=iphonesimulator*]" = YES;
				INFOPLIST_KEY_UISupportedInterfaceOrientations_iPad = "UIInterfaceOrientationPortrait UIInterfaceOrientationPortraitUpsideDown UIInterfaceOrientationLandscapeLeft UIInterfaceOrientationLandscapeRight";
				INFOPLIST_KEY_UISupportedInterfaceOrientations_iPhone = "UIInterfaceOrientationPortrait UIInterfaceOrientationLandscapeLeft UIInterfaceOrientationLandscapeRight";
				IPHONEOS_DEPLOYMENT_TARGET = 16.0;
				LD_RUNPATH_SEARCH_PATHS = "@executable_path/Frameworks";
				"LD_RUNPATH_SEARCH_PATHS[sdk=macosx*]" = "@executable_path/../Frameworks";
				MACOSX_DEPLOYMENT_TARGET = 12.5;
				MARKETING_VERSION = 1.0;
				PRODUCT_BUNDLE_IDENTIFIER = com.fredlab.ShortcutDemo;
				PRODUCT_NAME = "$(TARGET_NAME)";
				SDKROOT = auto;
				SUPPORTED_PLATFORMS = "iphoneos iphonesimulator macosx";
				SWIFT_EMIT_LOC_STRINGS = YES;
				SWIFT_VERSION = 5.0;
				TARGETED_DEVICE_FAMILY = "1,2";
			};
			name = Debug;
		};
		885AE3AB28946EE5001F3808 /* Release */ = {
			isa = XCBuildConfiguration;
			buildSettings = {
				ASSETCATALOG_COMPILER_APPICON_NAME = AppIcon;
				ASSETCATALOG_COMPILER_GLOBAL_ACCENT_COLOR_NAME = AccentColor;
				CODE_SIGN_ENTITLEMENTS = ShortcutDemo/ShortcutDemo.entitlements;
				CODE_SIGN_STYLE = Automatic;
				CURRENT_PROJECT_VERSION = 1;
				DEVELOPMENT_ASSET_PATHS = "\"ShortcutDemo/Preview Content\"";
				DEVELOPMENT_TEAM = 59FP2PXRXK;
				ENABLE_HARDENED_RUNTIME = YES;
				ENABLE_PREVIEWS = YES;
				GENERATE_INFOPLIST_FILE = YES;
				INFOPLIST_FILE = ShortcutDemo/Info.plist;
				INFOPLIST_KEY_NSSiriUsageDescription = "Siri support is used to suggest ShortcutDemo";
				"INFOPLIST_KEY_UIApplicationSceneManifest_Generation[sdk=iphoneos*]" = YES;
				"INFOPLIST_KEY_UIApplicationSceneManifest_Generation[sdk=iphonesimulator*]" = YES;
				"INFOPLIST_KEY_UIApplicationSupportsIndirectInputEvents[sdk=iphoneos*]" = YES;
				"INFOPLIST_KEY_UIApplicationSupportsIndirectInputEvents[sdk=iphonesimulator*]" = YES;
				"INFOPLIST_KEY_UILaunchScreen_Generation[sdk=iphoneos*]" = YES;
				"INFOPLIST_KEY_UILaunchScreen_Generation[sdk=iphonesimulator*]" = YES;
				INFOPLIST_KEY_UISupportedInterfaceOrientations_iPad = "UIInterfaceOrientationPortrait UIInterfaceOrientationPortraitUpsideDown UIInterfaceOrientationLandscapeLeft UIInterfaceOrientationLandscapeRight";
				INFOPLIST_KEY_UISupportedInterfaceOrientations_iPhone = "UIInterfaceOrientationPortrait UIInterfaceOrientationLandscapeLeft UIInterfaceOrientationLandscapeRight";
				IPHONEOS_DEPLOYMENT_TARGET = 16.0;
				LD_RUNPATH_SEARCH_PATHS = "@executable_path/Frameworks";
				"LD_RUNPATH_SEARCH_PATHS[sdk=macosx*]" = "@executable_path/../Frameworks";
				MACOSX_DEPLOYMENT_TARGET = 12.5;
				MARKETING_VERSION = 1.0;
				PRODUCT_BUNDLE_IDENTIFIER = com.fredlab.ShortcutDemo;
				PRODUCT_NAME = "$(TARGET_NAME)";
				SDKROOT = auto;
				SUPPORTED_PLATFORMS = "iphoneos iphonesimulator macosx";
				SWIFT_EMIT_LOC_STRINGS = YES;
				SWIFT_VERSION = 5.0;
				TARGETED_DEVICE_FAMILY = "1,2";
			};
			name = Release;
		};
/* End XCBuildConfiguration section */

/* Begin XCConfigurationList section */
		1414E1162D40745C009CD711 /* Build configuration list for PBXNativeTarget "ShorcutDemoIntents" */ = {
			isa = XCConfigurationList;
			buildConfigurations = (
				1414E1172D40745C009CD711 /* Debug */,
				1414E1182D40745C009CD711 /* Release */,
			);
			defaultConfigurationIsVisible = 0;
			defaultConfigurationName = Release;
		};
		1414E11A2D40745C009CD711 /* Build configuration list for PBXNativeTarget "ShorcutDemoIntentsUI" */ = {
			isa = XCConfigurationList;
			buildConfigurations = (
				1414E11B2D40745C009CD711 /* Debug */,
				1414E11C2D40745C009CD711 /* Release */,
			);
			defaultConfigurationIsVisible = 0;
			defaultConfigurationName = Release;
		};
		885AE39528946EE2001F3808 /* Build configuration list for PBXProject "ShortcutDemo" */ = {
			isa = XCConfigurationList;
			buildConfigurations = (
				885AE3A728946EE5001F3808 /* Debug */,
				885AE3A828946EE5001F3808 /* Release */,
			);
			defaultConfigurationIsVisible = 0;
			defaultConfigurationName = Release;
		};
		885AE3A928946EE5001F3808 /* Build configuration list for PBXNativeTarget "ShortcutDemo" */ = {
			isa = XCConfigurationList;
			buildConfigurations = (
				885AE3AA28946EE5001F3808 /* Debug */,
				885AE3AB28946EE5001F3808 /* Release */,
			);
			defaultConfigurationIsVisible = 0;
			defaultConfigurationName = Release;
		};
/* End XCConfigurationList section */
	};
	rootObject = 885AE39228946EE2001F3808 /* Project object */;
}
