// !$*UTF8*$!
{
	archiveVersion = 1;
	classes = {
	};
	objectVersion = 77;
	objects = {

/* Begin PBXContainerItemProxy section */
		14B140CD2DACD2BE00F6A2EC /* PBXContainerItemProxy */ = {
			isa = PBXContainerItemProxy;
			containerPortal = 14B140B72DACD2BC00F6A2EC /* Project object */;
			proxyType = 1;
			remoteGlobalIDString = 14B140BE2DACD2BC00F6A2EC;
			remoteInfo = TestDrivenDev;
		};
		14B140D72DACD2BE00F6A2EC /* PBXContainerItemProxy */ = {
			isa = PBXContainerItemProxy;
			containerPortal = 14B140B72DACD2BC00F6A2EC /* Project object */;
			proxyType = 1;
			remoteGlobalIDString = 14B140BE2DACD2BC00F6A2EC;
			remoteInfo = TestDrivenDev;
		};
/* End PBXContainerItemProxy section */

/* Begin PBXFileReference section */
		14B140BF2DACD2BC00F6A2EC /* TestDrivenDev.app */ = {isa = PBXFileReference; explicitFileType = wrapper.application; includeInIndex = 0; path = TestDrivenDev.app; sourceTree = BUILT_PRODUCTS_DIR; };
		14B140CC2DACD2BE00F6A2EC /* TestDrivenDevTests.xctest */ = {isa = PBXFileReference; explicitFileType = wrapper.cfbundle; includeInIndex = 0; path = TestDrivenDevTests.xctest; sourceTree = BUILT_PRODUCTS_DIR; };
		14B140D62DACD2BE00F6A2EC /* TestDrivenDevUITests.xctest */ = {isa = PBXFileReference; explicitFileType = wrapper.cfbundle; includeInIndex = 0; path = TestDrivenDevUITests.xctest; sourceTree = BUILT_PRODUCTS_DIR; };
/* End PBXFileReference section */

/* Begin PBXFileSystemSynchronizedRootGroup section */
		14B140C12DACD2BC00F6A2EC /* TestDrivenDev */ = {
			isa = PBXFileSystemSynchronizedRootGroup;
			path = TestDrivenDev;
			sourceTree = "<group>";
		};
		14B140CF2DACD2BE00F6A2EC /* TestDrivenDevTests */ = {
			isa = PBXFileSystemSynchronizedRootGroup;
			path = TestDrivenDevTests;
			sourceTree = "<group>";
		};
		14B140D92DACD2BE00F6A2EC /* TestDrivenDevUITests */ = {
			isa = PBXFileSystemSynchronizedRootGroup;
			path = TestDrivenDevUITests;
			sourceTree = "<group>";
		};
/* End PBXFileSystemSynchronizedRootGroup section */

/* Begin PBXFrameworksBuildPhase section */
		14B140BC2DACD2BC00F6A2EC /* Frameworks */ = {
			isa = PBXFrameworksBuildPhase;
			buildActionMask = 2147483647;
			files = (
			);
			runOnlyForDeploymentPostprocessing = 0;
		};
		14B140C92DACD2BE00F6A2EC /* Frameworks */ = {
			isa = PBXFrameworksBuildPhase;
			buildActionMask = 2147483647;
			files = (
			);
			runOnlyForDeploymentPostprocessing = 0;
		};
		14B140D32DACD2BE00F6A2EC /* Frameworks */ = {
			isa = PBXFrameworksBuildPhase;
			buildActionMask = 2147483647;
			files = (
			);
			runOnlyForDeploymentPostprocessing = 0;
		};
/* End PBXFrameworksBuildPhase section */

/* Begin PBXGroup section */
		14B140B62DACD2BC00F6A2EC = {
			isa = PBXGroup;
			children = (
				14B140C12DACD2BC00F6A2EC /* TestDrivenDev */,
				14B140CF2DACD2BE00F6A2EC /* TestDrivenDevTests */,
				14B140D92DACD2BE00F6A2EC /* TestDrivenDevUITests */,
				14B140C02DACD2BC00F6A2EC /* Products */,
			);
			sourceTree = "<group>";
		};
		14B140C02DACD2BC00F6A2EC /* Products */ = {
			isa = PBXGroup;
			children = (
				14B140BF2DACD2BC00F6A2EC /* TestDrivenDev.app */,
				14B140CC2DACD2BE00F6A2EC /* TestDrivenDevTests.xctest */,
				14B140D62DACD2BE00F6A2EC /* TestDrivenDevUITests.xctest */,
			);
			name = Products;
			sourceTree = "<group>";
		};
/* End PBXGroup section */

/* Begin PBXNativeTarget section */
		14B140BE2DACD2BC00F6A2EC /* TestDrivenDev */ = {
			isa = PBXNativeTarget;
			buildConfigurationList = 14B140E02DACD2BE00F6A2EC /* Build configuration list for PBXNativeTarget "TestDrivenDev" */;
			buildPhases = (
				14B140BB2DACD2BC00F6A2EC /* Sources */,
				14B140BC2DACD2BC00F6A2EC /* Frameworks */,
				14B140BD2DACD2BC00F6A2EC /* Resources */,
			);
			buildRules = (
			);
			dependencies = (
			);
			fileSystemSynchronizedGroups = (
				14B140C12DACD2BC00F6A2EC /* TestDrivenDev */,
			);
			name = TestDrivenDev;
			packageProductDependencies = (
			);
			productName = TestDrivenDev;
			productReference = 14B140BF2DACD2BC00F6A2EC /* TestDrivenDev.app */;
			productType = "com.apple.product-type.application";
		};
		14B140CB2DACD2BE00F6A2EC /* TestDrivenDevTests */ = {
			isa = PBXNativeTarget;
			buildConfigurationList = 14B140E32DACD2BE00F6A2EC /* Build configuration list for PBXNativeTarget "TestDrivenDevTests" */;
			buildPhases = (
				14B140C82DACD2BE00F6A2EC /* Sources */,
				14B140C92DACD2BE00F6A2EC /* Frameworks */,
				14B140CA2DACD2BE00F6A2EC /* Resources */,
			);
			buildRules = (
			);
			dependencies = (
				14B140CE2DACD2BE00F6A2EC /* PBXTargetDependency */,
			);
			fileSystemSynchronizedGroups = (
				14B140CF2DACD2BE00F6A2EC /* TestDrivenDevTests */,
			);
			name = TestDrivenDevTests;
			packageProductDependencies = (
			);
			productName = TestDrivenDevTests;
			productReference = 14B140CC2DACD2BE00F6A2EC /* TestDrivenDevTests.xctest */;
			productType = "com.apple.product-type.bundle.unit-test";
		};
		14B140D52DACD2BE00F6A2EC /* TestDrivenDevUITests */ = {
			isa = PBXNativeTarget;
			buildConfigurationList = 14B140E62DACD2BE00F6A2EC /* Build configuration list for PBXNativeTarget "TestDrivenDevUITests" */;
			buildPhases = (
				14B140D22DACD2BE00F6A2EC /* Sources */,
				14B140D32DACD2BE00F6A2EC /* Frameworks */,
				14B140D42DACD2BE00F6A2EC /* Resources */,
			);
			buildRules = (
			);
			dependencies = (
				14B140D82DACD2BE00F6A2EC /* PBXTargetDependency */,
			);
			fileSystemSynchronizedGroups = (
				14B140D92DACD2BE00F6A2EC /* TestDrivenDevUITests */,
			);
			name = TestDrivenDevUITests;
			packageProductDependencies = (
			);
			productName = TestDrivenDevUITests;
			productReference = 14B140D62DACD2BE00F6A2EC /* TestDrivenDevUITests.xctest */;
			productType = "com.apple.product-type.bundle.ui-testing";
		};
/* End PBXNativeTarget section */

/* Begin PBXProject section */
		14B140B72DACD2BC00F6A2EC /* Project object */ = {
			isa = PBXProject;
			attributes = {
				BuildIndependentTargetsInParallel = 1;
				LastSwiftUpdateCheck = 1630;
				LastUpgradeCheck = 1630;
				TargetAttributes = {
					14B140BE2DACD2BC00F6A2EC = {
						CreatedOnToolsVersion = 16.3;
					};
					14B140CB2DACD2BE00F6A2EC = {
						CreatedOnToolsVersion = 16.3;
						TestTargetID = 14B140BE2DACD2BC00F6A2EC;
					};
					14B140D52DACD2BE00F6A2EC = {
						CreatedOnToolsVersion = 16.3;
						TestTargetID = 14B140BE2DACD2BC00F6A2EC;
					};
				};
			};
			buildConfigurationList = 14B140BA2DACD2BC00F6A2EC /* Build configuration list for PBXProject "TestDrivenDev" */;
			developmentRegion = en;
			hasScannedForEncodings = 0;
			knownRegions = (
				en,
				Base,
			);
			mainGroup = 14B140B62DACD2BC00F6A2EC;
			minimizedProjectReferenceProxies = 1;
			preferredProjectObjectVersion = 77;
			productRefGroup = 14B140C02DACD2BC00F6A2EC /* Products */;
			projectDirPath = "";
			projectRoot = "";
			targets = (
				14B140BE2DACD2BC00F6A2EC /* TestDrivenDev */,
				14B140CB2DACD2BE00F6A2EC /* TestDrivenDevTests */,
				14B140D52DACD2BE00F6A2EC /* TestDrivenDevUITests */,
			);
		};
/* End PBXProject section */

/* Begin PBXResourcesBuildPhase section */
		14B140BD2DACD2BC00F6A2EC /* Resources */ = {
			isa = PBXResourcesBuildPhase;
			buildActionMask = 2147483647;
			files = (
			);
			runOnlyForDeploymentPostprocessing = 0;
		};
		14B140CA2DACD2BE00F6A2EC /* Resources */ = {
			isa = PBXResourcesBuildPhase;
			buildActionMask = 2147483647;
			files = (
			);
			runOnlyForDeploymentPostprocessing = 0;
		};
		14B140D42DACD2BE00F6A2EC /* Resources */ = {
			isa = PBXResourcesBuildPhase;
			buildActionMask = 2147483647;
			files = (
			);
			runOnlyForDeploymentPostprocessing = 0;
		};
/* End PBXResourcesBuildPhase section */

/* Begin PBXSourcesBuildPhase section */
		14B140BB2DACD2BC00F6A2EC /* Sources */ = {
			isa = PBXSourcesBuildPhase;
			buildActionMask = 2147483647;
			files = (
			);
			runOnlyForDeploymentPostprocessing = 0;
		};
		14B140C82DACD2BE00F6A2EC /* Sources */ = {
			isa = PBXSourcesBuildPhase;
			buildActionMask = 2147483647;
			files = (
			);
			runOnlyForDeploymentPostprocessing = 0;
		};
		14B140D22DACD2BE00F6A2EC /* Sources */ = {
			isa = PBXSourcesBuildPhase;
			buildActionMask = 2147483647;
			files = (
			);
			runOnlyForDeploymentPostprocessing = 0;
		};
/* End PBXSourcesBuildPhase section */

/* Begin PBXTargetDependency section */
		14B140CE2DACD2BE00F6A2EC /* PBXTargetDependency */ = {
			isa = PBXTargetDependency;
			target = 14B140BE2DACD2BC00F6A2EC /* TestDrivenDev */;
			targetProxy = 14B140CD2DACD2BE00F6A2EC /* PBXContainerItemProxy */;
		};
		14B140D82DACD2BE00F6A2EC /* PBXTargetDependency */ = {
			isa = PBXTargetDependency;
			target = 14B140BE2DACD2BC00F6A2EC /* TestDrivenDev */;
			targetProxy = 14B140D72DACD2BE00F6A2EC /* PBXContainerItemProxy */;
		};
/* End PBXTargetDependency section */

/* Begin XCBuildConfiguration section */
		14B140DE2DACD2BE00F6A2EC /* Debug */ = {
			isa = XCBuildConfiguration;
			buildSettings = {
				ALWAYS_SEARCH_USER_PATHS = NO;
				ASSETCATALOG_COMPILER_GENERATE_SWIFT_ASSET_SYMBOL_EXTENSIONS = YES;
				CLANG_ANALYZER_NONNULL = YES;
				CLANG_ANALYZER_NUMBER_OBJECT_CONVERSION = YES_AGGRESSIVE;
				CLANG_CXX_LANGUAGE_STANDARD = "gnu++20";
				CLANG_ENABLE_MODULES = YES;
				CLANG_ENABLE_OBJC_ARC = YES;
				CLANG_ENABLE_OBJC_WEAK = YES;
				CLANG_WARN_BLOCK_CAPTURE_AUTORELEASING = YES;
				CLANG_WARN_BOOL_CONVERSION = YES;
				CLANG_WARN_COMMA = YES;
				CLANG_WARN_CONSTANT_CONVERSION = YES;
				CLANG_WARN_DEPRECATED_OBJC_IMPLEMENTATIONS = YES;
				CLANG_WARN_DIRECT_OBJC_ISA_USAGE = YES_ERROR;
				CLANG_WARN_DOCUMENTATION_COMMENTS = YES;
				CLANG_WARN_EMPTY_BODY = YES;
				CLANG_WARN_ENUM_CONVERSION = YES;
				CLANG_WARN_INFINITE_RECURSION = YES;
				CLANG_WARN_INT_CONVERSION = YES;
				CLANG_WARN_NON_LITERAL_NULL_CONVERSION = YES;
				CLANG_WARN_OBJC_IMPLICIT_RETAIN_SELF = YES;
				CLANG_WARN_OBJC_LITERAL_CONVERSION = YES;
				CLANG_WARN_OBJC_ROOT_CLASS = YES_ERROR;
				CLANG_WARN_QUOTED_INCLUDE_IN_FRAMEWORK_HEADER = YES;
				CLANG_WARN_RANGE_LOOP_ANALYSIS = YES;
				CLANG_WARN_STRICT_PROTOTYPES = YES;
				CLANG_WARN_SUSPICIOUS_MOVE = YES;
				CLANG_WARN_UNGUARDED_AVAILABILITY = YES_AGGRESSIVE;
				CLANG_WARN_UNREACHABLE_CODE = YES;
				CLANG_WARN__DUPLICATE_METHOD_MATCH = YES;
				COPY_PHASE_STRIP = NO;
				DEBUG_INFORMATION_FORMAT = dwarf;
				DEVELOPMENT_TEAM = 362WZ4F2B3;
				ENABLE_STRICT_OBJC_MSGSEND = YES;
				ENABLE_TESTABILITY = YES;
				ENABLE_USER_SCRIPT_SANDBOXING = YES;
				GCC_C_LANGUAGE_STANDARD = gnu17;
				GCC_DYNAMIC_NO_PIC = NO;
				GCC_NO_COMMON_BLOCKS = YES;
				GCC_OPTIMIZATION_LEVEL = 0;
				GCC_PREPROCESSOR_DEFINITIONS = (
					"DEBUG=1",
					"$(inherited)",
				);
				GCC_WARN_64_TO_32_BIT_CONVERSION = YES;
				GCC_WARN_ABOUT_RETURN_TYPE = YES_ERROR;
				GCC_WARN_UNDECLARED_SELECTOR = YES;
				GCC_WARN_UNINITIALIZED_AUTOS = YES_AGGRESSIVE;
				GCC_WARN_UNUSED_FUNCTION = YES;
				GCC_WARN_UNUSED_VARIABLE = YES;
				IPHONEOS_DEPLOYMENT_TARGET = 18.4;
				LOCALIZATION_PREFERS_STRING_CATALOGS = YES;
				MTL_ENABLE_DEBUG_INFO = INCLUDE_SOURCE;
				MTL_FAST_MATH = YES;
				ONLY_ACTIVE_ARCH = YES;
				SDKROOT = iphoneos;
				SWIFT_ACTIVE_COMPILATION_CONDITIONS = "DEBUG $(inherited)";
				SWIFT_OPTIMIZATION_LEVEL = "-Onone";
			};
			name = Debug;
		};
		14B140DF2DACD2BE00F6A2EC /* Release */ = {
			isa = XCBuildConfiguration;
			buildSettings = {
				ALWAYS_SEARCH_USER_PATHS = NO;
				ASSETCATALOG_COMPILER_GENERATE_SWIFT_ASSET_SYMBOL_EXTENSIONS = YES;
				CLANG_ANALYZER_NONNULL = YES;
				CLANG_ANALYZER_NUMBER_OBJECT_CONVERSION = YES_AGGRESSIVE;
				CLANG_CXX_LANGUAGE_STANDARD = "gnu++20";
				CLANG_ENABLE_MODULES = YES;
				CLANG_ENABLE_OBJC_ARC = YES;
				CLANG_ENABLE_OBJC_WEAK = YES;
				CLANG_WARN_BLOCK_CAPTURE_AUTORELEASING = YES;
				CLANG_WARN_BOOL_CONVERSION = YES;
				CLANG_WARN_COMMA = YES;
				CLANG_WARN_CONSTANT_CONVERSION = YES;
				CLANG_WARN_DEPRECATED_OBJC_IMPLEMENTATIONS = YES;
				CLANG_WARN_DIRECT_OBJC_ISA_USAGE = YES_ERROR;
				CLANG_WARN_DOCUMENTATION_COMMENTS = YES;
				CLANG_WARN_EMPTY_BODY = YES;
				CLANG_WARN_ENUM_CONVERSION = YES;
				CLANG_WARN_INFINITE_RECURSION = YES;
				CLANG_WARN_INT_CONVERSION = YES;
				CLANG_WARN_NON_LITERAL_NULL_CONVERSION = YES;
				CLANG_WARN_OBJC_IMPLICIT_RETAIN_SELF = YES;
				CLANG_WARN_OBJC_LITERAL_CONVERSION = YES;
				CLANG_WARN_OBJC_ROOT_CLASS = YES_ERROR;
				CLANG_WARN_QUOTED_INCLUDE_IN_FRAMEWORK_HEADER = YES;
				CLANG_WARN_RANGE_LOOP_ANALYSIS = YES;
				CLANG_WARN_STRICT_PROTOTYPES = YES;
				CLANG_WARN_SUSPICIOUS_MOVE = YES;
				CLANG_WARN_UNGUARDED_AVAILABILITY = YES_AGGRESSIVE;
				CLANG_WARN_UNREACHABLE_CODE = YES;
				CLANG_WARN__DUPLICATE_METHOD_MATCH = YES;
				COPY_PHASE_STRIP = NO;
				DEBUG_INFORMATION_FORMAT = "dwarf-with-dsym";
				DEVELOPMENT_TEAM = 362WZ4F2B3;
				ENABLE_NS_ASSERTIONS = NO;
				ENABLE_STRICT_OBJC_MSGSEND = YES;
				ENABLE_USER_SCRIPT_SANDBOXING = YES;
				GCC_C_LANGUAGE_STANDARD = gnu17;
				GCC_NO_COMMON_BLOCKS = YES;
				GCC_WARN_64_TO_32_BIT_CONVERSION = YES;
				GCC_WARN_ABOUT_RETURN_TYPE = YES_ERROR;
				GCC_WARN_UNDECLARED_SELECTOR = YES;
				GCC_WARN_UNINITIALIZED_AUTOS = YES_AGGRESSIVE;
				GCC_WARN_UNUSED_FUNCTION = YES;
				GCC_WARN_UNUSED_VARIABLE = YES;
				IPHONEOS_DEPLOYMENT_TARGET = 18.4;
				LOCALIZATION_PREFERS_STRING_CATALOGS = YES;
				MTL_ENABLE_DEBUG_INFO = NO;
				MTL_FAST_MATH = YES;
				SDKROOT = iphoneos;
				SWIFT_COMPILATION_MODE = wholemodule;
				VALIDATE_PRODUCT = YES;
			};
			name = Release;
		};
		14B140E12DACD2BE00F6A2EC /* Debug */ = {
			isa = XCBuildConfiguration;
			buildSettings = {
				ASSETCATALOG_COMPILER_APPICON_NAME = AppIcon;
				ASSETCATALOG_COMPILER_GLOBAL_ACCENT_COLOR_NAME = AccentColor;
				CODE_SIGN_STYLE = Automatic;
				CURRENT_PROJECT_VERSION = 1;
				DEVELOPMENT_TEAM = 362WZ4F2B3;
				ENABLE_PREVIEWS = YES;
				GENERATE_INFOPLIST_FILE = YES;
				INFOPLIST_KEY_UIApplicationSceneManifest_Generation = YES;
				INFOPLIST_KEY_UIApplicationSupportsIndirectInputEvents = YES;
				INFOPLIST_KEY_UILaunchScreen_Generation = YES;
				INFOPLIST_KEY_UISupportedInterfaceOrientations_iPad = "UIInterfaceOrientationPortrait UIInterfaceOrientationPortraitUpsideDown UIInterfaceOrientationLandscapeLeft UIInterfaceOrientationLandscapeRight";
				INFOPLIST_KEY_UISupportedInterfaceOrientations_iPhone = "UIInterfaceOrientationPortrait UIInterfaceOrientationLandscapeLeft UIInterfaceOrientationLandscapeRight";
				LD_RUNPATH_SEARCH_PATHS = (
					"$(inherited)",
					"@executable_path/Frameworks",
				);
				MARKETING_VERSION = 1.0;
				PRODUCT_BUNDLE_IDENTIFIER = DK.TestDrivenDev;
				PRODUCT_NAME = "$(TARGET_NAME)";
				SWIFT_EMIT_LOC_STRINGS = YES;
				SWIFT_VERSION = 5.0;
				TARGETED_DEVICE_FAMILY = "1,2";
			};
			name = Debug;
		};
		14B140E22DACD2BE00F6A2EC /* Release */ = {
			isa = XCBuildConfiguration;
			buildSettings = {
				ASSETCATALOG_COMPILER_APPICON_NAME = AppIcon;
				ASSETCATALOG_COMPILER_GLOBAL_ACCENT_COLOR_NAME = AccentColor;
				CODE_SIGN_STYLE = Automatic;
				CURRENT_PROJECT_VERSION = 1;
				DEVELOPMENT_TEAM = 362WZ4F2B3;
				ENABLE_PREVIEWS = YES;
				GENERATE_INFOPLIST_FILE = YES;
				INFOPLIST_KEY_UIApplicationSceneManifest_Generation = YES;
				INFOPLIST_KEY_UIApplicationSupportsIndirectInputEvents = YES;
				INFOPLIST_KEY_UILaunchScreen_Generation = YES;
				INFOPLIST_KEY_UISupportedInterfaceOrientations_iPad = "UIInterfaceOrientationPortrait UIInterfaceOrientationPortraitUpsideDown UIInterfaceOrientationLandscapeLeft UIInterfaceOrientationLandscapeRight";
				INFOPLIST_KEY_UISupportedInterfaceOrientations_iPhone = "UIInterfaceOrientationPortrait UIInterfaceOrientationLandscapeLeft UIInterfaceOrientationLandscapeRight";
				LD_RUNPATH_SEARCH_PATHS = (
					"$(inherited)",
					"@executable_path/Frameworks",
				);
				MARKETING_VERSION = 1.0;
				PRODUCT_BUNDLE_IDENTIFIER = DK.TestDrivenDev;
				PRODUCT_NAME = "$(TARGET_NAME)";
				SWIFT_EMIT_LOC_STRINGS = YES;
				SWIFT_VERSION = 5.0;
				TARGETED_DEVICE_FAMILY = "1,2";
			};
			name = Release;
		};
		14B140E42DACD2BE00F6A2EC /* Debug */ = {
			isa = XCBuildConfiguration;
			buildSettings = {
				BUNDLE_LOADER = "$(TEST_HOST)";
				CODE_SIGN_STYLE = Automatic;
				CURRENT_PROJECT_VERSION = 1;
				DEVELOPMENT_TEAM = 362WZ4F2B3;
				GENERATE_INFOPLIST_FILE = YES;
				IPHONEOS_DEPLOYMENT_TARGET = 18.4;
				MARKETING_VERSION = 1.0;
				PRODUCT_BUNDLE_IDENTIFIER = DK.TestDrivenDevTests;
				PRODUCT_NAME = "$(TARGET_NAME)";
				SWIFT_EMIT_LOC_STRINGS = NO;
				SWIFT_VERSION = 5.0;
				TARGETED_DEVICE_FAMILY = "1,2";
				TEST_HOST = "$(BUILT_PRODUCTS_DIR)/TestDrivenDev.app/$(BUNDLE_EXECUTABLE_FOLDER_PATH)/TestDrivenDev";
			};
			name = Debug;
		};
		14B140E52DACD2BE00F6A2EC /* Release */ = {
			isa = XCBuildConfiguration;
			buildSettings = {
				BUNDLE_LOADER = "$(TEST_HOST)";
				CODE_SIGN_STYLE = Automatic;
				CURRENT_PROJECT_VERSION = 1;
				DEVELOPMENT_TEAM = 362WZ4F2B3;
				GENERATE_INFOPLIST_FILE = YES;
				IPHONEOS_DEPLOYMENT_TARGET = 18.4;
				MARKETING_VERSION = 1.0;
				PRODUCT_BUNDLE_IDENTIFIER = DK.TestDrivenDevTests;
				PRODUCT_NAME = "$(TARGET_NAME)";
				SWIFT_EMIT_LOC_STRINGS = NO;
				SWIFT_VERSION = 5.0;
				TARGETED_DEVICE_FAMILY = "1,2";
				TEST_HOST = "$(BUILT_PRODUCTS_DIR)/TestDrivenDev.app/$(BUNDLE_EXECUTABLE_FOLDER_PATH)/TestDrivenDev";
			};
			name = Release;
		};
		14B140E72DACD2BE00F6A2EC /* Debug */ = {
			isa = XCBuildConfiguration;
			buildSettings = {
				CODE_SIGN_STYLE = Automatic;
				CURRENT_PROJECT_VERSION = 1;
				DEVELOPMENT_TEAM = 362WZ4F2B3;
				GENERATE_INFOPLIST_FILE = YES;
				MARKETING_VERSION = 1.0;
				PRODUCT_BUNDLE_IDENTIFIER = DK.TestDrivenDevUITests;
				PRODUCT_NAME = "$(TARGET_NAME)";
				SWIFT_EMIT_LOC_STRINGS = NO;
				SWIFT_VERSION = 5.0;
				TARGETED_DEVICE_FAMILY = "1,2";
				TEST_TARGET_NAME = TestDrivenDev;
			};
			name = Debug;
		};
		14B140E82DACD2BE00F6A2EC /* Release */ = {
			isa = XCBuildConfiguration;
			buildSettings = {
				CODE_SIGN_STYLE = Automatic;
				CURRENT_PROJECT_VERSION = 1;
				DEVELOPMENT_TEAM = 362WZ4F2B3;
				GENERATE_INFOPLIST_FILE = YES;
				MARKETING_VERSION = 1.0;
				PRODUCT_BUNDLE_IDENTIFIER = DK.TestDrivenDevUITests;
				PRODUCT_NAME = "$(TARGET_NAME)";
				SWIFT_EMIT_LOC_STRINGS = NO;
				SWIFT_VERSION = 5.0;
				TARGETED_DEVICE_FAMILY = "1,2";
				TEST_TARGET_NAME = TestDrivenDev;
			};
			name = Release;
		};
/* End XCBuildConfiguration section */

/* Begin XCConfigurationList section */
		14B140BA2DACD2BC00F6A2EC /* Build configuration list for PBXProject "TestDrivenDev" */ = {
			isa = XCConfigurationList;
			buildConfigurations = (
				14B140DE2DACD2BE00F6A2EC /* Debug */,
				14B140DF2DACD2BE00F6A2EC /* Release */,
			);
			defaultConfigurationIsVisible = 0;
			defaultConfigurationName = Release;
		};
		14B140E02DACD2BE00F6A2EC /* Build configuration list for PBXNativeTarget "TestDrivenDev" */ = {
			isa = XCConfigurationList;
			buildConfigurations = (
				14B140E12DACD2BE00F6A2EC /* Debug */,
				14B140E22DACD2BE00F6A2EC /* Release */,
			);
			defaultConfigurationIsVisible = 0;
			defaultConfigurationName = Release;
		};
		14B140E32DACD2BE00F6A2EC /* Build configuration list for PBXNativeTarget "TestDrivenDevTests" */ = {
			isa = XCConfigurationList;
			buildConfigurations = (
				14B140E42DACD2BE00F6A2EC /* Debug */,
				14B140E52DACD2BE00F6A2EC /* Release */,
			);
			defaultConfigurationIsVisible = 0;
			defaultConfigurationName = Release;
		};
		14B140E62DACD2BE00F6A2EC /* Build configuration list for PBXNativeTarget "TestDrivenDevUITests" */ = {
			isa = XCConfigurationList;
			buildConfigurations = (
				14B140E72DACD2BE00F6A2EC /* Debug */,
				14B140E82DACD2BE00F6A2EC /* Release */,
			);
			defaultConfigurationIsVisible = 0;
			defaultConfigurationName = Release;
		};
/* End XCConfigurationList section */
	};
	rootObject = 14B140B72DACD2BC00F6A2EC /* Project object */;
}
